
Microsoft Visual Studio Solution File, Format Version 12.00
# Visual Studio Version 17
VisualStudioVersion = 17.5.33502.453
MinimumVisualStudioVersion = 10.0.40219.1
Project("{8BC9CEB8-8B4A-11D0-8D11-00A0C91BC942}") = "TrabalhoGA", "TrabalhoGA.vcxproj", "{A5BBA6E3-C5E9-44FA-8597-298E23A1BFBB}"
EndProject
Global
	GlobalSection(SolutionConfigurationPlatforms) = preSolution
		Debug|x64 = Debug|x64
		Debug|x86 = Debug|x86
		Release|x64 = Release|x64
		Release|x86 = Release|x86
	EndGlobalSection
	GlobalSection(ProjectConfigurationPlatforms) = postSolution
		{A5BBA6E3-C5E9-44FA-8597-298E23A1BFBB}.Debug|x64.ActiveCfg = Debug|x64
		{A5BBA6E3-C5E9-44FA-8597-298E23A1BFBB}.Debug|x64.Build.0 = Debug|x64
		{A5BBA6E3-C5E9-44FA-8597-298E23A1BFBB}.Debug|x86.ActiveCfg = Debug|Win32
		{A5BBA6E3-C5E9-44FA-8597-298E23A1BFBB}.Debug|x86.Build.0 = Debug|Win32
		{A5BBA6E3-C5E9-44FA-8597-298E23A1BFBB}.Release|x64.ActiveCfg = Release|x64
		{A5BBA6E3-C5E9-44FA-8597-298E23A1BFBB}.Release|x64.Build.0 = Release|x64
		{A5BBA6E3-C5E9-44FA-8597-298E23A1BFBB}.Release|x86.ActiveCfg = Release|Win32
		{A5BBA6E3-C5E9-44FA-8597-298E23A1BFBB}.Release|x86.Build.0 = Release|Win32
	EndGlobalSection
	GlobalSection(SolutionProperties) = preSolution
		HideSolutionNode = FALSE
	EndGlobalSection
	GlobalSection(ExtensibilityGlobals) = postSolution
		SolutionGuid = {3AB39C6D-069A-4ABF-850A-27E356D721A5}
	EndGlobalSection
EndGlobal
